
Microsoft Visual Studio Solution File, Format Version 11.00
# Visual Basic Express 2010
Project("{F184B08F-C81C-45F6-A57F-5ABD9991F28F}") = "Orixas a guerra dos mundos", "Orixas a guerra dos mundos\Orixas a guerra dos mundos.vbproj", "{02BB184C-01B7-463E-A735-F0CA641C248F}"
EndProject
Global
	GlobalSection(SolutionConfigurationPlatforms) = preSolution
		Debug|x86 = Debug|x86
		Release|x86 = Release|x86
	EndGlobalSection
	GlobalSection(ProjectConfigurationPlatforms) = postSolution
		{02BB184C-01B7-463E-A735-F0CA641C248F}.Debug|x86.ActiveCfg = Debug|x86
		{02BB184C-01B7-463E-A735-F0CA641C248F}.Debug|x86.Build.0 = Debug|x86
		{02BB184C-01B7-463E-A735-F0CA641C248F}.Release|x86.ActiveCfg = Release|x86
		{02BB184C-01B7-463E-A735-F0CA641C248F}.Release|x86.Build.0 = Release|x86
	EndGlobalSection
	GlobalSection(SolutionProperties) = preSolution
		HideSolutionNode = FALSE
	EndGlobalSection
EndGlobal
